
Microsoft Visual Studio Solution File, Format Version 12.00
# Visual Studio 2013
VisualStudioVersion = 12.0.21005.1
MinimumVisualStudioVersion = 10.0.40219.1
Project("{FAE04EC0-301F-11D3-BF4B-00C04F79EFBC}") = "PushShow.WebApp", "WebApp\PushShow.WebApp.csproj", "{860D77B3-EB4C-4929-920A-56DA4C7C784F}"
EndProject
Project("{FAE04EC0-301F-11D3-BF4B-00C04F79EFBC}") = "PushShow.Utility", "PushShow.Utility\PushShow.Utility.csproj", "{21851265-251C-4F31-8B1E-5950E7A0DFDE}"
EndProject
Project("{FAE04EC0-301F-11D3-BF4B-00C04F79EFBC}") = "PushShow.DAL", "PushShow.DAL\PushShow.DAL.csproj", "{0DFC3952-AD6A-44A0-9B3B-C0F3B5883BAE}"
EndProject
Project("{FAE04EC0-301F-11D3-BF4B-00C04F79EFBC}") = "PushShow.Model", "PushShow.Model\PushShow.Model.csproj", "{67C79837-305D-41E6-AB10-9EC645DE770A}"
EndProject
Project("{FAE04EC0-301F-11D3-BF4B-00C04F79EFBC}") = "PushShow.IDAL", "IDAL\PushShow.IDAL.csproj", "{C0D32FC7-2E38-4783-B46A-2B3638CA21CB}"
EndProject
Project("{2150E333-8FDC-42A3-9474-1A3956D46DE8}") = "DAL", "DAL", "{C487838A-5D4D-427C-9B43-8EEC27673F8E}"
EndProject
Project("{2150E333-8FDC-42A3-9474-1A3956D46DE8}") = "BLL", "BLL", "{CC4AB856-F23D-48E2-8B8A-D91EA0F1008F}"
EndProject
Project("{FAE04EC0-301F-11D3-BF4B-00C04F79EFBC}") = "PushShow.IBLL", "PushShow.IBLL\PushShow.IBLL.csproj", "{1FE5F270-3AC2-4A08-B3CC-597C6B34CF9F}"
EndProject
Project("{FAE04EC0-301F-11D3-BF4B-00C04F79EFBC}") = "PushShow.BLL", "PushShow.BLL\PushShow.BLL.csproj", "{15857A7A-364B-4498-A005-17C9F88DB70C}"
EndProject
Project("{FAE04EC0-301F-11D3-BF4B-00C04F79EFBC}") = "PushShow.DALFactory", "PushShow.DALFactory\PushShow.DALFactory.csproj", "{55A76BDD-F459-4AF2-81AD-58BC13DCE9A2}"
EndProject
Project("{FAE04EC0-301F-11D3-BF4B-00C04F79EFBC}") = "PushShow.Common", "PushShow.Common\PushShow.Common.csproj", "{9CF018E0-F806-4D16-8173-C5C0C339A053}"
EndProject
Project("{FAE04EC0-301F-11D3-BF4B-00C04F79EFBC}") = "PushShow.AbsFactory", "PushShow.AbsFactory\PushShow.AbsFactory.csproj", "{239F6B88-904C-4AEF-959F-997B0C43E01A}"
EndProject
Project("{FAE04EC0-301F-11D3-BF4B-00C04F79EFBC}") = "PushShow.BLLFactory", "Factory\PushShow.BLLFactory.csproj", "{3F5B115E-799F-4666-885B-E461975D2E15}"
EndProject
Project("{FAE04EC0-301F-11D3-BF4B-00C04F79EFBC}") = "Test", "Test\Test.csproj", "{47D1AD1E-C73C-4052-8331-9E6D306D4A1C}"
EndProject
Global
	GlobalSection(SolutionConfigurationPlatforms) = preSolution
		Debug|Any CPU = Debug|Any CPU
		Release|Any CPU = Release|Any CPU
	EndGlobalSection
	GlobalSection(ProjectConfigurationPlatforms) = postSolution
		{860D77B3-EB4C-4929-920A-56DA4C7C784F}.Debug|Any CPU.ActiveCfg = Debug|Any CPU
		{860D77B3-EB4C-4929-920A-56DA4C7C784F}.Debug|Any CPU.Build.0 = Debug|Any CPU
		{860D77B3-EB4C-4929-920A-56DA4C7C784F}.Release|Any CPU.ActiveCfg = Release|Any CPU
		{860D77B3-EB4C-4929-920A-56DA4C7C784F}.Release|Any CPU.Build.0 = Release|Any CPU
		{21851265-251C-4F31-8B1E-5950E7A0DFDE}.Debug|Any CPU.ActiveCfg = Debug|Any CPU
		{21851265-251C-4F31-8B1E-5950E7A0DFDE}.Debug|Any CPU.Build.0 = Debug|Any CPU
		{21851265-251C-4F31-8B1E-5950E7A0DFDE}.Release|Any CPU.ActiveCfg = Release|Any CPU
		{21851265-251C-4F31-8B1E-5950E7A0DFDE}.Release|Any CPU.Build.0 = Release|Any CPU
		{0DFC3952-AD6A-44A0-9B3B-C0F3B5883BAE}.Debug|Any CPU.ActiveCfg = Debug|Any CPU
		{0DFC3952-AD6A-44A0-9B3B-C0F3B5883BAE}.Debug|Any CPU.Build.0 = Debug|Any CPU
		{0DFC3952-AD6A-44A0-9B3B-C0F3B5883BAE}.Release|Any CPU.ActiveCfg = Release|Any CPU
		{0DFC3952-AD6A-44A0-9B3B-C0F3B5883BAE}.Release|Any CPU.Build.0 = Release|Any CPU
		{67C79837-305D-41E6-AB10-9EC645DE770A}.Debug|Any CPU.ActiveCfg = Debug|Any CPU
		{67C79837-305D-41E6-AB10-9EC645DE770A}.Debug|Any CPU.Build.0 = Debug|Any CPU
		{67C79837-305D-41E6-AB10-9EC645DE770A}.Release|Any CPU.ActiveCfg = Release|Any CPU
		{67C79837-305D-41E6-AB10-9EC645DE770A}.Release|Any CPU.Build.0 = Release|Any CPU
		{C0D32FC7-2E38-4783-B46A-2B3638CA21CB}.Debug|Any CPU.ActiveCfg = Debug|Any CPU
		{C0D32FC7-2E38-4783-B46A-2B3638CA21CB}.Debug|Any CPU.Build.0 = Debug|Any CPU
		{C0D32FC7-2E38-4783-B46A-2B3638CA21CB}.Release|Any CPU.ActiveCfg = Release|Any CPU
		{C0D32FC7-2E38-4783-B46A-2B3638CA21CB}.Release|Any CPU.Build.0 = Release|Any CPU
		{1FE5F270-3AC2-4A08-B3CC-597C6B34CF9F}.Debug|Any CPU.ActiveCfg = Debug|Any CPU
		{1FE5F270-3AC2-4A08-B3CC-597C6B34CF9F}.Debug|Any CPU.Build.0 = Debug|Any CPU
		{1FE5F270-3AC2-4A08-B3CC-597C6B34CF9F}.Release|Any CPU.ActiveCfg = Release|Any CPU
		{1FE5F270-3AC2-4A08-B3CC-597C6B34CF9F}.Release|Any CPU.Build.0 = Release|Any CPU
		{15857A7A-364B-4498-A005-17C9F88DB70C}.Debug|Any CPU.ActiveCfg = Debug|Any CPU
		{15857A7A-364B-4498-A005-17C9F88DB70C}.Debug|Any CPU.Build.0 = Debug|Any CPU
		{15857A7A-364B-4498-A005-17C9F88DB70C}.Release|Any CPU.ActiveCfg = Release|Any CPU
		{15857A7A-364B-4498-A005-17C9F88DB70C}.Release|Any CPU.Build.0 = Release|Any CPU
		{55A76BDD-F459-4AF2-81AD-58BC13DCE9A2}.Debug|Any CPU.ActiveCfg = Debug|Any CPU
		{55A76BDD-F459-4AF2-81AD-58BC13DCE9A2}.Debug|Any CPU.Build.0 = Debug|Any CPU
		{55A76BDD-F459-4AF2-81AD-58BC13DCE9A2}.Release|Any CPU.ActiveCfg = Release|Any CPU
		{55A76BDD-F459-4AF2-81AD-58BC13DCE9A2}.Release|Any CPU.Build.0 = Release|Any CPU
		{9CF018E0-F806-4D16-8173-C5C0C339A053}.Debug|Any CPU.ActiveCfg = Debug|Any CPU
		{9CF018E0-F806-4D16-8173-C5C0C339A053}.Debug|Any CPU.Build.0 = Debug|Any CPU
		{9CF018E0-F806-4D16-8173-C5C0C339A053}.Release|Any CPU.ActiveCfg = Release|Any CPU
		{9CF018E0-F806-4D16-8173-C5C0C339A053}.Release|Any CPU.Build.0 = Release|Any CPU
		{239F6B88-904C-4AEF-959F-997B0C43E01A}.Debug|Any CPU.ActiveCfg = Debug|Any CPU
		{239F6B88-904C-4AEF-959F-997B0C43E01A}.Debug|Any CPU.Build.0 = Debug|Any CPU
		{239F6B88-904C-4AEF-959F-997B0C43E01A}.Release|Any CPU.ActiveCfg = Release|Any CPU
		{239F6B88-904C-4AEF-959F-997B0C43E01A}.Release|Any CPU.Build.0 = Release|Any CPU
		{3F5B115E-799F-4666-885B-E461975D2E15}.Debug|Any CPU.ActiveCfg = Debug|Any CPU
		{3F5B115E-799F-4666-885B-E461975D2E15}.Debug|Any CPU.Build.0 = Debug|Any CPU
		{3F5B115E-799F-4666-885B-E461975D2E15}.Release|Any CPU.ActiveCfg = Release|Any CPU
		{3F5B115E-799F-4666-885B-E461975D2E15}.Release|Any CPU.Build.0 = Release|Any CPU
		{47D1AD1E-C73C-4052-8331-9E6D306D4A1C}.Debug|Any CPU.ActiveCfg = Debug|Any CPU
		{47D1AD1E-C73C-4052-8331-9E6D306D4A1C}.Debug|Any CPU.Build.0 = Debug|Any CPU
		{47D1AD1E-C73C-4052-8331-9E6D306D4A1C}.Release|Any CPU.ActiveCfg = Release|Any CPU
		{47D1AD1E-C73C-4052-8331-9E6D306D4A1C}.Release|Any CPU.Build.0 = Release|Any CPU
	EndGlobalSection
	GlobalSection(SolutionProperties) = preSolution
		HideSolutionNode = FALSE
	EndGlobalSection
	GlobalSection(NestedProjects) = preSolution
		{C0D32FC7-2E38-4783-B46A-2B3638CA21CB} = {C487838A-5D4D-427C-9B43-8EEC27673F8E}
		{0DFC3952-AD6A-44A0-9B3B-C0F3B5883BAE} = {C487838A-5D4D-427C-9B43-8EEC27673F8E}
		{55A76BDD-F459-4AF2-81AD-58BC13DCE9A2} = {C487838A-5D4D-427C-9B43-8EEC27673F8E}
		{1FE5F270-3AC2-4A08-B3CC-597C6B34CF9F} = {CC4AB856-F23D-48E2-8B8A-D91EA0F1008F}
		{15857A7A-364B-4498-A005-17C9F88DB70C} = {CC4AB856-F23D-48E2-8B8A-D91EA0F1008F}
		{239F6B88-904C-4AEF-959F-997B0C43E01A} = {CC4AB856-F23D-48E2-8B8A-D91EA0F1008F}
		{3F5B115E-799F-4666-885B-E461975D2E15} = {CC4AB856-F23D-48E2-8B8A-D91EA0F1008F}
	EndGlobalSection
EndGlobal
